
Microsoft Visual Studio Solution File, Format Version 12.00
# Visual Studio Version 17
VisualStudioVersion = 17.7.34221.43
MinimumVisualStudioVersion = 10.0.40219.1
Project("{FAE04EC0-301F-11D3-BF4B-00C04F79EFBC}") = "ArbolBinario", "ArbolBinario\ArbolBinario.csproj", "{14D0FE23-CDD2-4420-B48C-EDA30E76F5D0}"
EndProject
Global
	GlobalSection(SolutionConfigurationPlatforms) = preSolution
		Debug|Any CPU = Debug|Any CPU
		Release|Any CPU = Release|Any CPU
	EndGlobalSection
	GlobalSection(ProjectConfigurationPlatforms) = postSolution
		{14D0FE23-CDD2-4420-B48C-EDA30E76F5D0}.Debug|Any CPU.ActiveCfg = Debug|Any CPU
		{14D0FE23-CDD2-4420-B48C-EDA30E76F5D0}.Debug|Any CPU.Build.0 = Debug|Any CPU
		{14D0FE23-CDD2-4420-B48C-EDA30E76F5D0}.Release|Any CPU.ActiveCfg = Release|Any CPU
		{14D0FE23-CDD2-4420-B48C-EDA30E76F5D0}.Release|Any CPU.Build.0 = Release|Any CPU
	EndGlobalSection
	GlobalSection(SolutionProperties) = preSolution
		HideSolutionNode = FALSE
	EndGlobalSection
	GlobalSection(ExtensibilityGlobals) = postSolution
		SolutionGuid = {E64B544D-674D-448F-9BEB-FCC4FD8CB23D}
	EndGlobalSection
EndGlobal
